// !$*UTF8*$!
{
	archiveVersion = 1;
	classes = {
	};
	objectVersion = 56;
	objects = {

/* Begin PBXBuildFile section */
		2F5843C9291239A400A9F76F /* CortexOfDataApp.swift in Sources */ = {isa = PBXBuildFile; fileRef = 2F5843C8291239A400A9F76F /* CortexOfDataApp.swift */; };
		2F5843CB291239A400A9F76F /* ContentView.swift in Sources */ = {isa = PBXBuildFile; fileRef = 2F5843CA291239A400A9F76F /* ContentView.swift */; };
		2F5843CD291239A500A9F76F /* Assets.xcassets in Resources */ = {isa = PBXBuildFile; fileRef = 2F5843CC291239A500A9F76F /* Assets.xcassets */; };
		2F5843D1291239A500A9F76F /* Preview Assets.xcassets in Resources */ = {isa = PBXBuildFile; fileRef = 2F5843D0291239A500A9F76F /* Preview Assets.xcassets */; };
		2F5843DC29123AF900A9F76F /* Entities.xcdatamodeld in Sources */ = {isa = PBXBuildFile; fileRef = 2F5843DA29123AF900A9F76F /* Entities.xcdatamodeld */; };
		2F5843E929123C8700A9F76F /* SleepLog+CoreDataClass.swift in Sources */ = {isa = PBXBuildFile; fileRef = 2F5843DD29123C8700A9F76F /* SleepLog+CoreDataClass.swift */; };
		2F5843ED29123C8700A9F76F /* WalkLog+CoreDataClass.swift in Sources */ = {isa = PBXBuildFile; fileRef = 2F5843E129123C8700A9F76F /* WalkLog+CoreDataClass.swift */; };
		2F5843EF29123C8700A9F76F /* FeedLog+CoreDataClass.swift in Sources */ = {isa = PBXBuildFile; fileRef = 2F5843E329123C8700A9F76F /* FeedLog+CoreDataClass.swift */; };
		2F5843F129123C8700A9F76F /* HeartLog+CoreDataClass.swift in Sources */ = {isa = PBXBuildFile; fileRef = 2F5843E529123C8700A9F76F /* HeartLog+CoreDataClass.swift */; };
		2F5843F329123C8700A9F76F /* BiometricLog+CoreDataClass.swift in Sources */ = {isa = PBXBuildFile; fileRef = 2F5843E729123C8700A9F76F /* BiometricLog+CoreDataClass.swift */; };
		2F5843FA29123D2E00A9F76F /* TimeFrameLog+CoreDataClass.swift in Sources */ = {isa = PBXBuildFile; fileRef = 2F5843F829123D2E00A9F76F /* TimeFrameLog+CoreDataClass.swift */; };
		2F5843FE29123ED700A9F76F /* BodyWeightLog+CoreDataClass.swift in Sources */ = {isa = PBXBuildFile; fileRef = 2F5843FC29123ED700A9F76F /* BodyWeightLog+CoreDataClass.swift */; };
		2F58440129123F2800A9F76F /* CoreDataProvider.swift in Sources */ = {isa = PBXBuildFile; fileRef = 2F58440029123F2800A9F76F /* CoreDataProvider.swift */; };
		2F5844052912402300A9F76F /* URL+Extensions.swift in Sources */ = {isa = PBXBuildFile; fileRef = 2F5844042912402300A9F76F /* URL+Extensions.swift */; };
		2F584407291240F300A9F76F /* CoreDataProvider+Extensions.swift in Sources */ = {isa = PBXBuildFile; fileRef = 2F584406291240F300A9F76F /* CoreDataProvider+Extensions.swift */; };
		2F5844092912FD1500A9F76F /* TimeInterval+Extensions.swift in Sources */ = {isa = PBXBuildFile; fileRef = 2F5844082912FD1500A9F76F /* TimeInterval+Extensions.swift */; };
		2F58440C2913081E00A9F76F /* Tab.swift in Sources */ = {isa = PBXBuildFile; fileRef = 2F58440B2913081E00A9F76F /* Tab.swift */; };
		2F58440E2913087100A9F76F /* ActiveLogsScreen.swift in Sources */ = {isa = PBXBuildFile; fileRef = 2F58440D2913087100A9F76F /* ActiveLogsScreen.swift */; };
		2F5844102913087700A9F76F /* AllLogsScreen.swift in Sources */ = {isa = PBXBuildFile; fileRef = 2F58440F2913087700A9F76F /* AllLogsScreen.swift */; };
		2F5844122913087C00A9F76F /* SettingsScreen.swift in Sources */ = {isa = PBXBuildFile; fileRef = 2F5844112913087C00A9F76F /* SettingsScreen.swift */; };
		2FE80AE629131220000B0222 /* BodyWeightLogsScreen.swift in Sources */ = {isa = PBXBuildFile; fileRef = 2FE80AE529131220000B0222 /* BodyWeightLogsScreen.swift */; };
		2FE80AE82913122A000B0222 /* HeartMetricsLogsScreen.swift in Sources */ = {isa = PBXBuildFile; fileRef = 2FE80AE72913122A000B0222 /* HeartMetricsLogsScreen.swift */; };
		2FE80AEA29131232000B0222 /* FastLogsScreen.swift in Sources */ = {isa = PBXBuildFile; fileRef = 2FE80AE929131232000B0222 /* FastLogsScreen.swift */; };
		2FE80AEC29131251000B0222 /* SleepLogsScreen.swift in Sources */ = {isa = PBXBuildFile; fileRef = 2FE80AEB29131251000B0222 /* SleepLogsScreen.swift */; };
		2FE80AEE29131256000B0222 /* WalkLogsScreen.swift in Sources */ = {isa = PBXBuildFile; fileRef = 2FE80AED29131256000B0222 /* WalkLogsScreen.swift */; };
		2FE80AF229132480000B0222 /* TimeFrameLog+Extensions.swift in Sources */ = {isa = PBXBuildFile; fileRef = 2FE80AF129132480000B0222 /* TimeFrameLog+Extensions.swift */; };
		2FE80AF529133231000B0222 /* Collection+Extensions.swift in Sources */ = {isa = PBXBuildFile; fileRef = 2FE80AF429133231000B0222 /* Collection+Extensions.swift */; };
/* End PBXBuildFile section */

/* Begin PBXFileReference section */
		2F5843C5291239A400A9F76F /* CortexOfData.app */ = {isa = PBXFileReference; explicitFileType = wrapper.application; includeInIndex = 0; path = CortexOfData.app; sourceTree = BUILT_PRODUCTS_DIR; };
		2F5843C8291239A400A9F76F /* CortexOfDataApp.swift */ = {isa = PBXFileReference; lastKnownFileType = sourcecode.swift; path = CortexOfDataApp.swift; sourceTree = "<group>"; };
		2F5843CA291239A400A9F76F /* ContentView.swift */ = {isa = PBXFileReference; lastKnownFileType = sourcecode.swift; path = ContentView.swift; sourceTree = "<group>"; };
		2F5843CC291239A500A9F76F /* Assets.xcassets */ = {isa = PBXFileReference; lastKnownFileType = folder.assetcatalog; path = Assets.xcassets; sourceTree = "<group>"; };
		2F5843CE291239A500A9F76F /* CortexOfData.entitlements */ = {isa = PBXFileReference; lastKnownFileType = text.plist.entitlements; path = CortexOfData.entitlements; sourceTree = "<group>"; };
		2F5843D0291239A500A9F76F /* Preview Assets.xcassets */ = {isa = PBXFileReference; lastKnownFileType = folder.assetcatalog; path = "Preview Assets.xcassets"; sourceTree = "<group>"; };
		2F5843DB29123AF900A9F76F /* Entities.xcdatamodel */ = {isa = PBXFileReference; lastKnownFileType = wrapper.xcdatamodel; path = Entities.xcdatamodel; sourceTree = "<group>"; };
		2F5843DD29123C8700A9F76F /* SleepLog+CoreDataClass.swift */ = {isa = PBXFileReference; lastKnownFileType = sourcecode.swift; path = "SleepLog+CoreDataClass.swift"; sourceTree = "<group>"; };
		2F5843E129123C8700A9F76F /* WalkLog+CoreDataClass.swift */ = {isa = PBXFileReference; lastKnownFileType = sourcecode.swift; path = "WalkLog+CoreDataClass.swift"; sourceTree = "<group>"; };
		2F5843E329123C8700A9F76F /* FeedLog+CoreDataClass.swift */ = {isa = PBXFileReference; lastKnownFileType = sourcecode.swift; path = "FeedLog+CoreDataClass.swift"; sourceTree = "<group>"; };
		2F5843E529123C8700A9F76F /* HeartLog+CoreDataClass.swift */ = {isa = PBXFileReference; lastKnownFileType = sourcecode.swift; path = "HeartLog+CoreDataClass.swift"; sourceTree = "<group>"; };
		2F5843E729123C8700A9F76F /* BiometricLog+CoreDataClass.swift */ = {isa = PBXFileReference; lastKnownFileType = sourcecode.swift; path = "BiometricLog+CoreDataClass.swift"; sourceTree = "<group>"; };
		2F5843F829123D2E00A9F76F /* TimeFrameLog+CoreDataClass.swift */ = {isa = PBXFileReference; lastKnownFileType = sourcecode.swift; path = "TimeFrameLog+CoreDataClass.swift"; sourceTree = "<group>"; };
		2F5843FC29123ED700A9F76F /* BodyWeightLog+CoreDataClass.swift */ = {isa = PBXFileReference; lastKnownFileType = sourcecode.swift; path = "BodyWeightLog+CoreDataClass.swift"; sourceTree = "<group>"; };
		2F58440029123F2800A9F76F /* CoreDataProvider.swift */ = {isa = PBXFileReference; lastKnownFileType = sourcecode.swift; path = CoreDataProvider.swift; sourceTree = "<group>"; };
		2F5844042912402300A9F76F /* URL+Extensions.swift */ = {isa = PBXFileReference; lastKnownFileType = sourcecode.swift; path = "URL+Extensions.swift"; sourceTree = "<group>"; };
		2F584406291240F300A9F76F /* CoreDataProvider+Extensions.swift */ = {isa = PBXFileReference; lastKnownFileType = sourcecode.swift; path = "CoreDataProvider+Extensions.swift"; sourceTree = "<group>"; };
		2F5844082912FD1500A9F76F /* TimeInterval+Extensions.swift */ = {isa = PBXFileReference; lastKnownFileType = sourcecode.swift; path = "TimeInterval+Extensions.swift"; sourceTree = "<group>"; };
		2F58440B2913081E00A9F76F /* Tab.swift */ = {isa = PBXFileReference; lastKnownFileType = sourcecode.swift; path = Tab.swift; sourceTree = "<group>"; };
		2F58440D2913087100A9F76F /* ActiveLogsScreen.swift */ = {isa = PBXFileReference; lastKnownFileType = sourcecode.swift; path = ActiveLogsScreen.swift; sourceTree = "<group>"; };
		2F58440F2913087700A9F76F /* AllLogsScreen.swift */ = {isa = PBXFileReference; lastKnownFileType = sourcecode.swift; path = AllLogsScreen.swift; sourceTree = "<group>"; };
		2F5844112913087C00A9F76F /* SettingsScreen.swift */ = {isa = PBXFileReference; lastKnownFileType = sourcecode.swift; path = SettingsScreen.swift; sourceTree = "<group>"; };
		2FE80AE529131220000B0222 /* BodyWeightLogsScreen.swift */ = {isa = PBXFileReference; lastKnownFileType = sourcecode.swift; path = BodyWeightLogsScreen.swift; sourceTree = "<group>"; };
		2FE80AE72913122A000B0222 /* HeartMetricsLogsScreen.swift */ = {isa = PBXFileReference; lastKnownFileType = sourcecode.swift; path = HeartMetricsLogsScreen.swift; sourceTree = "<group>"; };
		2FE80AE929131232000B0222 /* FastLogsScreen.swift */ = {isa = PBXFileReference; lastKnownFileType = sourcecode.swift; path = FastLogsScreen.swift; sourceTree = "<group>"; };
		2FE80AEB29131251000B0222 /* SleepLogsScreen.swift */ = {isa = PBXFileReference; lastKnownFileType = sourcecode.swift; path = SleepLogsScreen.swift; sourceTree = "<group>"; };
		2FE80AED29131256000B0222 /* WalkLogsScreen.swift */ = {isa = PBXFileReference; lastKnownFileType = sourcecode.swift; path = WalkLogsScreen.swift; sourceTree = "<group>"; };
		2FE80AF129132480000B0222 /* TimeFrameLog+Extensions.swift */ = {isa = PBXFileReference; lastKnownFileType = sourcecode.swift; path = "TimeFrameLog+Extensions.swift"; sourceTree = "<group>"; };
		2FE80AF329132B9E000B0222 /* Info.plist */ = {isa = PBXFileReference; lastKnownFileType = text.plist; path = Info.plist; sourceTree = "<group>"; };
		2FE80AF429133231000B0222 /* Collection+Extensions.swift */ = {isa = PBXFileReference; lastKnownFileType = sourcecode.swift; path = "Collection+Extensions.swift"; sourceTree = "<group>"; };
/* End PBXFileReference section */

/* Begin PBXFrameworksBuildPhase section */
		2F5843C2291239A400A9F76F /* Frameworks */ = {
			isa = PBXFrameworksBuildPhase;
			buildActionMask = 2147483647;
			files = (
			);
			runOnlyForDeploymentPostprocessing = 0;
		};
/* End PBXFrameworksBuildPhase section */

/* Begin PBXGroup section */
		2F5843BC291239A400A9F76F = {
			isa = PBXGroup;
			children = (
				2F5843C7291239A400A9F76F /* CortexOfData */,
				2F5843C6291239A400A9F76F /* Products */,
			);
			sourceTree = "<group>";
		};
		2F5843C6291239A400A9F76F /* Products */ = {
			isa = PBXGroup;
			children = (
				2F5843C5291239A400A9F76F /* CortexOfData.app */,
			);
			name = Products;
			sourceTree = "<group>";
		};
		2F5843C7291239A400A9F76F /* CortexOfData */ = {
			isa = PBXGroup;
			children = (
				2F5843C8291239A400A9F76F /* CortexOfDataApp.swift */,
				2F5843CA291239A400A9F76F /* ContentView.swift */,
				2F5843CC291239A500A9F76F /* Assets.xcassets */,
				2F5843CE291239A500A9F76F /* CortexOfData.entitlements */,
				2FE80AF329132B9E000B0222 /* Info.plist */,
				2F5843D829123AE300A9F76F /* Data */,
				2F5844032912401A00A9F76F /* Extensions */,
				2F58440A2913081800A9F76F /* UI */,
				2F5843CF291239A500A9F76F /* Preview Content */,
			);
			path = CortexOfData;
			sourceTree = "<group>";
		};
		2F5843CF291239A500A9F76F /* Preview Content */ = {
			isa = PBXGroup;
			children = (
				2F5843D0291239A500A9F76F /* Preview Assets.xcassets */,
			);
			path = "Preview Content";
			sourceTree = "<group>";
		};
		2F5843D829123AE300A9F76F /* Data */ = {
			isa = PBXGroup;
			children = (
				2F58440229123F3200A9F76F /* Shared */,
				2F5843D929123AE800A9F76F /* CoreData */,
			);
			path = Data;
			sourceTree = "<group>";
		};
		2F5843D929123AE800A9F76F /* CoreData */ = {
			isa = PBXGroup;
			children = (
				2F58440029123F2800A9F76F /* CoreDataProvider.swift */,
				2F584406291240F300A9F76F /* CoreDataProvider+Extensions.swift */,
				2F5843F529123C8F00A9F76F /* Models */,
			);
			path = CoreData;
			sourceTree = "<group>";
		};
		2F5843F529123C8F00A9F76F /* Models */ = {
			isa = PBXGroup;
			children = (
				2F5843DA29123AF900A9F76F /* Entities.xcdatamodeld */,
				2F5843F729123C9C00A9F76F /* BiometricLogs */,
				2F5843F629123C9300A9F76F /* TimeFrameLogs */,
			);
			path = Models;
			sourceTree = "<group>";
		};
		2F5843F629123C9300A9F76F /* TimeFrameLogs */ = {
			isa = PBXGroup;
			children = (
				2F5843F829123D2E00A9F76F /* TimeFrameLog+CoreDataClass.swift */,
				2FE80AF129132480000B0222 /* TimeFrameLog+Extensions.swift */,
				2F5843E329123C8700A9F76F /* FeedLog+CoreDataClass.swift */,
				2F5843DD29123C8700A9F76F /* SleepLog+CoreDataClass.swift */,
				2F5843E129123C8700A9F76F /* WalkLog+CoreDataClass.swift */,
			);
			path = TimeFrameLogs;
			sourceTree = "<group>";
		};
		2F5843F729123C9C00A9F76F /* BiometricLogs */ = {
			isa = PBXGroup;
			children = (
				2F5843E729123C8700A9F76F /* BiometricLog+CoreDataClass.swift */,
				2F5843FC29123ED700A9F76F /* BodyWeightLog+CoreDataClass.swift */,
				2F5843E529123C8700A9F76F /* HeartLog+CoreDataClass.swift */,
			);
			path = BiometricLogs;
			sourceTree = "<group>";
		};
		2F58440229123F3200A9F76F /* Shared */ = {
			isa = PBXGroup;
			children = (
			);
			path = Shared;
			sourceTree = "<group>";
		};
		2F5844032912401A00A9F76F /* Extensions */ = {
			isa = PBXGroup;
			children = (
				2FE80AF429133231000B0222 /* Collection+Extensions.swift */,
				2F5844082912FD1500A9F76F /* TimeInterval+Extensions.swift */,
				2F5844042912402300A9F76F /* URL+Extensions.swift */,
			);
			path = Extensions;
			sourceTree = "<group>";
		};
		2F58440A2913081800A9F76F /* UI */ = {
			isa = PBXGroup;
			children = (
				2F58440B2913081E00A9F76F /* Tab.swift */,
				2FE80ADD291311DC000B0222 /* Active Logs */,
				2FE80ADC291311D7000B0222 /* All Logs */,
				2FE80ADE291311DF000B0222 /* Settings */,
			);
			path = UI;
			sourceTree = "<group>";
		};
		2FE80ADC291311D7000B0222 /* All Logs */ = {
			isa = PBXGroup;
			children = (
				2F58440F2913087700A9F76F /* AllLogsScreen.swift */,
				2FE80AEF2913125B000B0222 /* TimeFrame Logs */,
				2FE80AF029131260000B0222 /* Biometrical Logs */,
			);
			path = "All Logs";
			sourceTree = "<group>";
		};
		2FE80ADD291311DC000B0222 /* Active Logs */ = {
			isa = PBXGroup;
			children = (
				2F58440D2913087100A9F76F /* ActiveLogsScreen.swift */,
			);
			path = "Active Logs";
			sourceTree = "<group>";
		};
		2FE80ADE291311DF000B0222 /* Settings */ = {
			isa = PBXGroup;
			children = (
				2F5844112913087C00A9F76F /* SettingsScreen.swift */,
			);
			path = Settings;
			sourceTree = "<group>";
		};
		2FE80AEF2913125B000B0222 /* TimeFrame Logs */ = {
			isa = PBXGroup;
			children = (
				2FE80AE929131232000B0222 /* FastLogsScreen.swift */,
				2FE80AEB29131251000B0222 /* SleepLogsScreen.swift */,
				2FE80AED29131256000B0222 /* WalkLogsScreen.swift */,
			);
			path = "TimeFrame Logs";
			sourceTree = "<group>";
		};
		2FE80AF029131260000B0222 /* Biometrical Logs */ = {
			isa = PBXGroup;
			children = (
				2FE80AE529131220000B0222 /* BodyWeightLogsScreen.swift */,
				2FE80AE72913122A000B0222 /* HeartMetricsLogsScreen.swift */,
			);
			path = "Biometrical Logs";
			sourceTree = "<group>";
		};
/* End PBXGroup section */

/* Begin PBXNativeTarget section */
		2F5843C4291239A400A9F76F /* CortexOfData */ = {
			isa = PBXNativeTarget;
			buildConfigurationList = 2F5843D4291239A500A9F76F /* Build configuration list for PBXNativeTarget "CortexOfData" */;
			buildPhases = (
				2F5843C1291239A400A9F76F /* Sources */,
				2F5843C2291239A400A9F76F /* Frameworks */,
				2F5843C3291239A400A9F76F /* Resources */,
			);
			buildRules = (
			);
			dependencies = (
			);
			name = CortexOfData;
			productName = CortexOfData;
			productReference = 2F5843C5291239A400A9F76F /* CortexOfData.app */;
			productType = "com.apple.product-type.application";
		};
/* End PBXNativeTarget section */

/* Begin PBXProject section */
		2F5843BD291239A400A9F76F /* Project object */ = {
			isa = PBXProject;
			attributes = {
				BuildIndependentTargetsInParallel = 1;
				LastSwiftUpdateCheck = 1400;
				LastUpgradeCheck = 1400;
				TargetAttributes = {
					2F5843C4291239A400A9F76F = {
						CreatedOnToolsVersion = 14.0.1;
					};
				};
			};
			buildConfigurationList = 2F5843C0291239A400A9F76F /* Build configuration list for PBXProject "CortexOfData" */;
			compatibilityVersion = "Xcode 14.0";
			developmentRegion = en;
			hasScannedForEncodings = 0;
			knownRegions = (
				en,
				Base,
			);
			mainGroup = 2F5843BC291239A400A9F76F;
			productRefGroup = 2F5843C6291239A400A9F76F /* Products */;
			projectDirPath = "";
			projectRoot = "";
			targets = (
				2F5843C4291239A400A9F76F /* CortexOfData */,
			);
		};
/* End PBXProject section */

/* Begin PBXResourcesBuildPhase section */
		2F5843C3291239A400A9F76F /* Resources */ = {
			isa = PBXResourcesBuildPhase;
			buildActionMask = 2147483647;
			files = (
				2F5843D1291239A500A9F76F /* Preview Assets.xcassets in Resources */,
				2F5843CD291239A500A9F76F /* Assets.xcassets in Resources */,
			);
			runOnlyForDeploymentPostprocessing = 0;
		};
/* End PBXResourcesBuildPhase section */

/* Begin PBXSourcesBuildPhase section */
		2F5843C1291239A400A9F76F /* Sources */ = {
			isa = PBXSourcesBuildPhase;
			buildActionMask = 2147483647;
			files = (
				2F58440129123F2800A9F76F /* CoreDataProvider.swift in Sources */,
				2F584407291240F300A9F76F /* CoreDataProvider+Extensions.swift in Sources */,
				2F58440E2913087100A9F76F /* ActiveLogsScreen.swift in Sources */,
				2F5844052912402300A9F76F /* URL+Extensions.swift in Sources */,
				2FE80AF529133231000B0222 /* Collection+Extensions.swift in Sources */,
				2F5844092912FD1500A9F76F /* TimeInterval+Extensions.swift in Sources */,
				2FE80AEE29131256000B0222 /* WalkLogsScreen.swift in Sources */,
				2F5843CB291239A400A9F76F /* ContentView.swift in Sources */,
				2F5843F129123C8700A9F76F /* HeartLog+CoreDataClass.swift in Sources */,
				2F5843FE29123ED700A9F76F /* BodyWeightLog+CoreDataClass.swift in Sources */,
				2F5843ED29123C8700A9F76F /* WalkLog+CoreDataClass.swift in Sources */,
				2F5843EF29123C8700A9F76F /* FeedLog+CoreDataClass.swift in Sources */,
				2FE80AE82913122A000B0222 /* HeartMetricsLogsScreen.swift in Sources */,
				2FE80AF229132480000B0222 /* TimeFrameLog+Extensions.swift in Sources */,
				2F5844122913087C00A9F76F /* SettingsScreen.swift in Sources */,
				2F5844102913087700A9F76F /* AllLogsScreen.swift in Sources */,
				2F5843C9291239A400A9F76F /* CortexOfDataApp.swift in Sources */,
				2FE80AE629131220000B0222 /* BodyWeightLogsScreen.swift in Sources */,
				2FE80AEA29131232000B0222 /* FastLogsScreen.swift in Sources */,
				2F5843E929123C8700A9F76F /* SleepLog+CoreDataClass.swift in Sources */,
				2F5843FA29123D2E00A9F76F /* TimeFrameLog+CoreDataClass.swift in Sources */,
				2F58440C2913081E00A9F76F /* Tab.swift in Sources */,
				2F5843F329123C8700A9F76F /* BiometricLog+CoreDataClass.swift in Sources */,
				2FE80AEC29131251000B0222 /* SleepLogsScreen.swift in Sources */,
				2F5843DC29123AF900A9F76F /* Entities.xcdatamodeld in Sources */,
			);
			runOnlyForDeploymentPostprocessing = 0;
		};
/* End PBXSourcesBuildPhase section */

/* Begin XCBuildConfiguration section */
		2F5843D2291239A500A9F76F /* Debug */ = {
			isa = XCBuildConfiguration;
			buildSettings = {
				ALWAYS_SEARCH_USER_PATHS = NO;
				CLANG_ANALYZER_NONNULL = YES;
				CLANG_ANALYZER_NUMBER_OBJECT_CONVERSION = YES_AGGRESSIVE;
				CLANG_CXX_LANGUAGE_STANDARD = "gnu++20";
				CLANG_ENABLE_MODULES = YES;
				CLANG_ENABLE_OBJC_ARC = YES;
				CLANG_ENABLE_OBJC_WEAK = YES;
				CLANG_WARN_BLOCK_CAPTURE_AUTORELEASING = YES;
				CLANG_WARN_BOOL_CONVERSION = YES;
				CLANG_WARN_COMMA = YES;
				CLANG_WARN_CONSTANT_CONVERSION = YES;
				CLANG_WARN_DEPRECATED_OBJC_IMPLEMENTATIONS = YES;
				CLANG_WARN_DIRECT_OBJC_ISA_USAGE = YES_ERROR;
				CLANG_WARN_DOCUMENTATION_COMMENTS = YES;
				CLANG_WARN_EMPTY_BODY = YES;
				CLANG_WARN_ENUM_CONVERSION = YES;
				CLANG_WARN_INFINITE_RECURSION = YES;
				CLANG_WARN_INT_CONVERSION = YES;
				CLANG_WARN_NON_LITERAL_NULL_CONVERSION = YES;
				CLANG_WARN_OBJC_IMPLICIT_RETAIN_SELF = YES;
				CLANG_WARN_OBJC_LITERAL_CONVERSION = YES;
				CLANG_WARN_OBJC_ROOT_CLASS = YES_ERROR;
				CLANG_WARN_QUOTED_INCLUDE_IN_FRAMEWORK_HEADER = YES;
				CLANG_WARN_RANGE_LOOP_ANALYSIS = YES;
				CLANG_WARN_STRICT_PROTOTYPES = YES;
				CLANG_WARN_SUSPICIOUS_MOVE = YES;
				CLANG_WARN_UNGUARDED_AVAILABILITY = YES_AGGRESSIVE;
				CLANG_WARN_UNREACHABLE_CODE = YES;
				CLANG_WARN__DUPLICATE_METHOD_MATCH = YES;
				COPY_PHASE_STRIP = NO;
				DEBUG_INFORMATION_FORMAT = dwarf;
				ENABLE_STRICT_OBJC_MSGSEND = YES;
				ENABLE_TESTABILITY = YES;
				GCC_C_LANGUAGE_STANDARD = gnu11;
				GCC_DYNAMIC_NO_PIC = NO;
				GCC_NO_COMMON_BLOCKS = YES;
				GCC_OPTIMIZATION_LEVEL = 0;
				GCC_PREPROCESSOR_DEFINITIONS = (
					"DEBUG=1",
					"$(inherited)",
				);
				GCC_WARN_64_TO_32_BIT_CONVERSION = YES;
				GCC_WARN_ABOUT_RETURN_TYPE = YES_ERROR;
				GCC_WARN_UNDECLARED_SELECTOR = YES;
				GCC_WARN_UNINITIALIZED_AUTOS = YES_AGGRESSIVE;
				GCC_WARN_UNUSED_FUNCTION = YES;
				GCC_WARN_UNUSED_VARIABLE = YES;
				MTL_ENABLE_DEBUG_INFO = INCLUDE_SOURCE;
				MTL_FAST_MATH = YES;
				ONLY_ACTIVE_ARCH = YES;
				SWIFT_ACTIVE_COMPILATION_CONDITIONS = DEBUG;
				SWIFT_OPTIMIZATION_LEVEL = "-Onone";
			};
			name = Debug;
		};
		2F5843D3291239A500A9F76F /* Release */ = {
			isa = XCBuildConfiguration;
			buildSettings = {
				ALWAYS_SEARCH_USER_PATHS = NO;
				CLANG_ANALYZER_NONNULL = YES;
				CLANG_ANALYZER_NUMBER_OBJECT_CONVERSION = YES_AGGRESSIVE;
				CLANG_CXX_LANGUAGE_STANDARD = "gnu++20";
				CLANG_ENABLE_MODULES = YES;
				CLANG_ENABLE_OBJC_ARC = YES;
				CLANG_ENABLE_OBJC_WEAK = YES;
				CLANG_WARN_BLOCK_CAPTURE_AUTORELEASING = YES;
				CLANG_WARN_BOOL_CONVERSION = YES;
				CLANG_WARN_COMMA = YES;
				CLANG_WARN_CONSTANT_CONVERSION = YES;
				CLANG_WARN_DEPRECATED_OBJC_IMPLEMENTATIONS = YES;
				CLANG_WARN_DIRECT_OBJC_ISA_USAGE = YES_ERROR;
				CLANG_WARN_DOCUMENTATION_COMMENTS = YES;
				CLANG_WARN_EMPTY_BODY = YES;
				CLANG_WARN_ENUM_CONVERSION = YES;
				CLANG_WARN_INFINITE_RECURSION = YES;
				CLANG_WARN_INT_CONVERSION = YES;
				CLANG_WARN_NON_LITERAL_NULL_CONVERSION = YES;
				CLANG_WARN_OBJC_IMPLICIT_RETAIN_SELF = YES;
				CLANG_WARN_OBJC_LITERAL_CONVERSION = YES;
				CLANG_WARN_OBJC_ROOT_CLASS = YES_ERROR;
				CLANG_WARN_QUOTED_INCLUDE_IN_FRAMEWORK_HEADER = YES;
				CLANG_WARN_RANGE_LOOP_ANALYSIS = YES;
				CLANG_WARN_STRICT_PROTOTYPES = YES;
				CLANG_WARN_SUSPICIOUS_MOVE = YES;
				CLANG_WARN_UNGUARDED_AVAILABILITY = YES_AGGRESSIVE;
				CLANG_WARN_UNREACHABLE_CODE = YES;
				CLANG_WARN__DUPLICATE_METHOD_MATCH = YES;
				COPY_PHASE_STRIP = NO;
				DEBUG_INFORMATION_FORMAT = "dwarf-with-dsym";
				ENABLE_NS_ASSERTIONS = NO;
				ENABLE_STRICT_OBJC_MSGSEND = YES;
				GCC_C_LANGUAGE_STANDARD = gnu11;
				GCC_NO_COMMON_BLOCKS = YES;
				GCC_WARN_64_TO_32_BIT_CONVERSION = YES;
				GCC_WARN_ABOUT_RETURN_TYPE = YES_ERROR;
				GCC_WARN_UNDECLARED_SELECTOR = YES;
				GCC_WARN_UNINITIALIZED_AUTOS = YES_AGGRESSIVE;
				GCC_WARN_UNUSED_FUNCTION = YES;
				GCC_WARN_UNUSED_VARIABLE = YES;
				MTL_ENABLE_DEBUG_INFO = NO;
				MTL_FAST_MATH = YES;
				SWIFT_COMPILATION_MODE = wholemodule;
				SWIFT_OPTIMIZATION_LEVEL = "-O";
			};
			name = Release;
		};
		2F5843D5291239A500A9F76F /* Debug */ = {
			isa = XCBuildConfiguration;
			buildSettings = {
				ASSETCATALOG_COMPILER_APPICON_NAME = AppIcon;
				ASSETCATALOG_COMPILER_GLOBAL_ACCENT_COLOR_NAME = AccentColor;
				CODE_SIGN_ENTITLEMENTS = CortexOfData/CortexOfData.entitlements;
				CODE_SIGN_STYLE = Automatic;
				CURRENT_PROJECT_VERSION = 1;
				DEVELOPMENT_ASSET_PATHS = "\"CortexOfData/Preview Content\"";
				DEVELOPMENT_TEAM = 4BP826FJGX;
				ENABLE_HARDENED_RUNTIME = YES;
				ENABLE_PREVIEWS = YES;
				GENERATE_INFOPLIST_FILE = YES;
				INFOPLIST_FILE = CortexOfData/Info.plist;
				"INFOPLIST_KEY_UIApplicationSceneManifest_Generation[sdk=iphoneos*]" = YES;
				"INFOPLIST_KEY_UIApplicationSceneManifest_Generation[sdk=iphonesimulator*]" = YES;
				"INFOPLIST_KEY_UIApplicationSupportsIndirectInputEvents[sdk=iphoneos*]" = YES;
				"INFOPLIST_KEY_UIApplicationSupportsIndirectInputEvents[sdk=iphonesimulator*]" = YES;
				"INFOPLIST_KEY_UILaunchScreen_Generation[sdk=iphoneos*]" = YES;
				"INFOPLIST_KEY_UILaunchScreen_Generation[sdk=iphonesimulator*]" = YES;
				"INFOPLIST_KEY_UIStatusBarStyle[sdk=iphoneos*]" = UIStatusBarStyleDefault;
				"INFOPLIST_KEY_UIStatusBarStyle[sdk=iphonesimulator*]" = UIStatusBarStyleDefault;
				INFOPLIST_KEY_UISupportedInterfaceOrientations_iPad = "UIInterfaceOrientationPortrait UIInterfaceOrientationPortraitUpsideDown UIInterfaceOrientationLandscapeLeft UIInterfaceOrientationLandscapeRight";
				INFOPLIST_KEY_UISupportedInterfaceOrientations_iPhone = "UIInterfaceOrientationPortrait UIInterfaceOrientationLandscapeLeft UIInterfaceOrientationLandscapeRight";
				IPHONEOS_DEPLOYMENT_TARGET = 16.0;
				LD_RUNPATH_SEARCH_PATHS = "@executable_path/Frameworks";
				"LD_RUNPATH_SEARCH_PATHS[sdk=macosx*]" = "@executable_path/../Frameworks";
				MACOSX_DEPLOYMENT_TARGET = 12.3;
				MARKETING_VERSION = 1.0;
				PRODUCT_BUNDLE_IDENTIFIER = dev.neurothrone.CortexOfData;
				PRODUCT_NAME = "$(TARGET_NAME)";
				SDKROOT = auto;
				SUPPORTED_PLATFORMS = "iphoneos iphonesimulator macosx";
				SWIFT_EMIT_LOC_STRINGS = YES;
				SWIFT_VERSION = 5.0;
				TARGETED_DEVICE_FAMILY = "1,2";
			};
			name = Debug;
		};
		2F5843D6291239A500A9F76F /* Release */ = {
			isa = XCBuildConfiguration;
			buildSettings = {
				ASSETCATALOG_COMPILER_APPICON_NAME = AppIcon;
				ASSETCATALOG_COMPILER_GLOBAL_ACCENT_COLOR_NAME = AccentColor;
				CODE_SIGN_ENTITLEMENTS = CortexOfData/CortexOfData.entitlements;
				CODE_SIGN_STYLE = Automatic;
				CURRENT_PROJECT_VERSION = 1;
				DEVELOPMENT_ASSET_PATHS = "\"CortexOfData/Preview Content\"";
				DEVELOPMENT_TEAM = 4BP826FJGX;
				ENABLE_HARDENED_RUNTIME = YES;
				ENABLE_PREVIEWS = YES;
				GENERATE_INFOPLIST_FILE = YES;
				INFOPLIST_FILE = CortexOfData/Info.plist;
				"INFOPLIST_KEY_UIApplicationSceneManifest_Generation[sdk=iphoneos*]" = YES;
				"INFOPLIST_KEY_UIApplicationSceneManifest_Generation[sdk=iphonesimulator*]" = YES;
				"INFOPLIST_KEY_UIApplicationSupportsIndirectInputEvents[sdk=iphoneos*]" = YES;
				"INFOPLIST_KEY_UIApplicationSupportsIndirectInputEvents[sdk=iphonesimulator*]" = YES;
				"INFOPLIST_KEY_UILaunchScreen_Generation[sdk=iphoneos*]" = YES;
				"INFOPLIST_KEY_UILaunchScreen_Generation[sdk=iphonesimulator*]" = YES;
				"INFOPLIST_KEY_UIStatusBarStyle[sdk=iphoneos*]" = UIStatusBarStyleDefault;
				"INFOPLIST_KEY_UIStatusBarStyle[sdk=iphonesimulator*]" = UIStatusBarStyleDefault;
				INFOPLIST_KEY_UISupportedInterfaceOrientations_iPad = "UIInterfaceOrientationPortrait UIInterfaceOrientationPortraitUpsideDown UIInterfaceOrientationLandscapeLeft UIInterfaceOrientationLandscapeRight";
				INFOPLIST_KEY_UISupportedInterfaceOrientations_iPhone = "UIInterfaceOrientationPortrait UIInterfaceOrientationLandscapeLeft UIInterfaceOrientationLandscapeRight";
				IPHONEOS_DEPLOYMENT_TARGET = 16.0;
				LD_RUNPATH_SEARCH_PATHS = "@executable_path/Frameworks";
				"LD_RUNPATH_SEARCH_PATHS[sdk=macosx*]" = "@executable_path/../Frameworks";
				MACOSX_DEPLOYMENT_TARGET = 12.3;
				MARKETING_VERSION = 1.0;
				PRODUCT_BUNDLE_IDENTIFIER = dev.neurothrone.CortexOfData;
				PRODUCT_NAME = "$(TARGET_NAME)";
				SDKROOT = auto;
				SUPPORTED_PLATFORMS = "iphoneos iphonesimulator macosx";
				SWIFT_EMIT_LOC_STRINGS = YES;
				SWIFT_VERSION = 5.0;
				TARGETED_DEVICE_FAMILY = "1,2";
			};
			name = Release;
		};
/* End XCBuildConfiguration section */

/* Begin XCConfigurationList section */
		2F5843C0291239A400A9F76F /* Build configuration list for PBXProject "CortexOfData" */ = {
			isa = XCConfigurationList;
			buildConfigurations = (
				2F5843D2291239A500A9F76F /* Debug */,
				2F5843D3291239A500A9F76F /* Release */,
			);
			defaultConfigurationIsVisible = 0;
			defaultConfigurationName = Release;
		};
		2F5843D4291239A500A9F76F /* Build configuration list for PBXNativeTarget "CortexOfData" */ = {
			isa = XCConfigurationList;
			buildConfigurations = (
				2F5843D5291239A500A9F76F /* Debug */,
				2F5843D6291239A500A9F76F /* Release */,
			);
			defaultConfigurationIsVisible = 0;
			defaultConfigurationName = Release;
		};
/* End XCConfigurationList section */

/* Begin XCVersionGroup section */
		2F5843DA29123AF900A9F76F /* Entities.xcdatamodeld */ = {
			isa = XCVersionGroup;
			children = (
				2F5843DB29123AF900A9F76F /* Entities.xcdatamodel */,
			);
			currentVersion = 2F5843DB29123AF900A9F76F /* Entities.xcdatamodel */;
			path = Entities.xcdatamodeld;
			sourceTree = "<group>";
			versionGroupType = wrapper.xcdatamodel;
		};
/* End XCVersionGroup section */
	};
	rootObject = 2F5843BD291239A400A9F76F /* Project object */;
}
